
Microsoft Visual Studio Solution File, Format Version 12.00
# Visual Studio Version 17
VisualStudioVersion = 17.4.33110.190
MinimumVisualStudioVersion = 10.0.40219.1
Project("{FAE04EC0-301F-11D3-BF4B-00C04F79EFBC}") = "LivrariaApp", "LivrariaApp\LivrariaApp.csproj", "{2878F5AB-F17A-4675-881F-C3E831C39CB8}"
EndProject
Global
	GlobalSection(SolutionConfigurationPlatforms) = preSolution
		Debug|Any CPU = Debug|Any CPU
		Release|Any CPU = Release|Any CPU
	EndGlobalSection
	GlobalSection(ProjectConfigurationPlatforms) = postSolution
		{2878F5AB-F17A-4675-881F-C3E831C39CB8}.Debug|Any CPU.ActiveCfg = Debug|Any CPU
		{2878F5AB-F17A-4675-881F-C3E831C39CB8}.Debug|Any CPU.Build.0 = Debug|Any CPU
		{2878F5AB-F17A-4675-881F-C3E831C39CB8}.Release|Any CPU.ActiveCfg = Release|Any CPU
		{2878F5AB-F17A-4675-881F-C3E831C39CB8}.Release|Any CPU.Build.0 = Release|Any CPU
	EndGlobalSection
	GlobalSection(SolutionProperties) = preSolution
		HideSolutionNode = FALSE
	EndGlobalSection
	GlobalSection(ExtensibilityGlobals) = postSolution
		SolutionGuid = {209579B2-EF1F-428F-A6E5-97FEE2F5189C}
	EndGlobalSection
EndGlobal
